
Microsoft Visual Studio Solution File, Format Version 12.00
# Visual Studio 15
VisualStudioVersion = 15.0.27428.2002
MinimumVisualStudioVersion = 10.0.40219.1
Project("{2150E333-8FDC-42A3-9474-1A3956D46DE8}") = "Solution Items", "Solution Items", "{484CF3FF-5CEA-4C82-A937-949100142455}"
	ProjectSection(SolutionItems) = preProject
		localtestrun.testrunconfig = localtestrun.testrunconfig
		PublishDrop.cmd = PublishDrop.cmd
		xmlnotepad.vsmdi = xmlnotepad.vsmdi
	EndProjectSection
EndProject
Project("{FAE04EC0-301F-11D3-BF4B-00C04F79EFBC}") = "XmlNotepad", "XmlNotepad\XmlNotepad.csproj", "{E401BDD0-8862-4818-98BD-83E457607E16}"
EndProject
Project("{FAE04EC0-301F-11D3-BF4B-00C04F79EFBC}") = "Application", "Application\Application.csproj", "{07661035-BFE2-4169-ADEF-364839871457}"
	ProjectSection(ProjectDependencies) = postProject
		{C33DB045-65F8-45F1-A703-C7D2969F06CA} = {C33DB045-65F8-45F1-A703-C7D2969F06CA}
	EndProjectSection
EndProject
Project("{FAE04EC0-301F-11D3-BF4B-00C04F79EFBC}") = "UnitTests", "UnitTests\UnitTests.csproj", "{64148FA2-1BED-4EAE-9B07-BF6CBB73EA31}"
EndProject
Project("{FAE04EC0-301F-11D3-BF4B-00C04F79EFBC}") = "FontBuilder", "FontBuilder\FontBuilder.csproj", "{C33DB045-65F8-45F1-A703-C7D2969F06CA}"
EndProject
Project("{2150E333-8FDC-42A3-9474-1A3956D46DE8}") = "Updates", "Updates", "{5CCAEF8A-CF71-40D9-9D1D-0984D0894BC7}"
	ProjectSection(SolutionItems) = preProject
		Updates\Readme.htm = Updates\Readme.htm
		Updates\Updates.xml = Updates\Updates.xml
		Updates\Updates.xsd = Updates\Updates.xsd
		Updates\Updates.xslt = Updates\Updates.xslt
		Updates\xmlicon.png = Updates\xmlicon.png
	EndProjectSection
EndProject
Project("{FAE04EC0-301F-11D3-BF4B-00C04F79EFBC}") = "XmlDiffPatch8", "XmlDiff\XmlDiffPatch8.csproj", "{8BA90DA5-E8EB-4DEC-9D41-951D012B90CE}"
EndProject
Project("{FAE04EC0-301F-11D3-BF4B-00C04F79EFBC}") = "XmlDiffView8", "XmlDiffView\XmlDiffView8.csproj", "{694D8B35-E80F-4DAF-B454-6BB992630ECA}"
EndProject
Project("{FAE04EC0-301F-11D3-BF4B-00C04F79EFBC}") = "XmlStats", "XmlStats\XmlStats.csproj", "{BA2AED71-4942-4F51-959E-963CEF7D0895}"
EndProject
Global
	GlobalSection(SolutionConfigurationPlatforms) = preSolution
		Debug|Any CPU = Debug|Any CPU
		Debug|Mixed Platforms = Debug|Mixed Platforms
		Debug|x86 = Debug|x86
		Release|Any CPU = Release|Any CPU
		Release|Mixed Platforms = Release|Mixed Platforms
		Release|x86 = Release|x86
	EndGlobalSection
	GlobalSection(ProjectConfigurationPlatforms) = postSolution
		{E401BDD0-8862-4818-98BD-83E457607E16}.Debug|Any CPU.ActiveCfg = Debug|Any CPU
		{E401BDD0-8862-4818-98BD-83E457607E16}.Debug|Any CPU.Build.0 = Debug|Any CPU
		{E401BDD0-8862-4818-98BD-83E457607E16}.Debug|Mixed Platforms.ActiveCfg = Debug|Any CPU
		{E401BDD0-8862-4818-98BD-83E457607E16}.Debug|Mixed Platforms.Build.0 = Debug|Any CPU
		{E401BDD0-8862-4818-98BD-83E457607E16}.Debug|x86.ActiveCfg = Debug|Any CPU
		{E401BDD0-8862-4818-98BD-83E457607E16}.Release|Any CPU.ActiveCfg = Release|Any CPU
		{E401BDD0-8862-4818-98BD-83E457607E16}.Release|Any CPU.Build.0 = Release|Any CPU
		{E401BDD0-8862-4818-98BD-83E457607E16}.Release|Mixed Platforms.ActiveCfg = Release|Any CPU
		{E401BDD0-8862-4818-98BD-83E457607E16}.Release|Mixed Platforms.Build.0 = Release|Any CPU
		{E401BDD0-8862-4818-98BD-83E457607E16}.Release|x86.ActiveCfg = Release|Any CPU
		{07661035-BFE2-4169-ADEF-364839871457}.Debug|Any CPU.ActiveCfg = Debug|Any CPU
		{07661035-BFE2-4169-ADEF-364839871457}.Debug|Any CPU.Build.0 = Debug|Any CPU
		{07661035-BFE2-4169-ADEF-364839871457}.Debug|Mixed Platforms.ActiveCfg = Debug|Any CPU
		{07661035-BFE2-4169-ADEF-364839871457}.Debug|Mixed Platforms.Build.0 = Debug|Any CPU
		{07661035-BFE2-4169-ADEF-364839871457}.Debug|x86.ActiveCfg = Debug|Any CPU
		{07661035-BFE2-4169-ADEF-364839871457}.Release|Any CPU.ActiveCfg = Release|Any CPU
		{07661035-BFE2-4169-ADEF-364839871457}.Release|Any CPU.Build.0 = Release|Any CPU
		{07661035-BFE2-4169-ADEF-364839871457}.Release|Mixed Platforms.ActiveCfg = Release|Any CPU
		{07661035-BFE2-4169-ADEF-364839871457}.Release|Mixed Platforms.Build.0 = Release|Any CPU
		{07661035-BFE2-4169-ADEF-364839871457}.Release|x86.ActiveCfg = Release|Any CPU
		{64148FA2-1BED-4EAE-9B07-BF6CBB73EA31}.Debug|Any CPU.ActiveCfg = Debug|Any CPU
		{64148FA2-1BED-4EAE-9B07-BF6CBB73EA31}.Debug|Any CPU.Build.0 = Debug|Any CPU
		{64148FA2-1BED-4EAE-9B07-BF6CBB73EA31}.Debug|Mixed Platforms.ActiveCfg = Debug|Any CPU
		{64148FA2-1BED-4EAE-9B07-BF6CBB73EA31}.Debug|Mixed Platforms.Build.0 = Debug|Any CPU
		{64148FA2-1BED-4EAE-9B07-BF6CBB73EA31}.Debug|x86.ActiveCfg = Debug|Any CPU
		{64148FA2-1BED-4EAE-9B07-BF6CBB73EA31}.Release|Any CPU.ActiveCfg = Release|Any CPU
		{64148FA2-1BED-4EAE-9B07-BF6CBB73EA31}.Release|Any CPU.Build.0 = Release|Any CPU
		{64148FA2-1BED-4EAE-9B07-BF6CBB73EA31}.Release|Mixed Platforms.ActiveCfg = Release|Any CPU
		{64148FA2-1BED-4EAE-9B07-BF6CBB73EA31}.Release|Mixed Platforms.Build.0 = Release|Any CPU
		{64148FA2-1BED-4EAE-9B07-BF6CBB73EA31}.Release|x86.ActiveCfg = Release|Any CPU
		{C33DB045-65F8-45F1-A703-C7D2969F06CA}.Debug|Any CPU.ActiveCfg = Debug|Any CPU
		{C33DB045-65F8-45F1-A703-C7D2969F06CA}.Debug|Any CPU.Build.0 = Debug|Any CPU
		{C33DB045-65F8-45F1-A703-C7D2969F06CA}.Debug|Mixed Platforms.ActiveCfg = Debug|Any CPU
		{C33DB045-65F8-45F1-A703-C7D2969F06CA}.Debug|Mixed Platforms.Build.0 = Debug|Any CPU
		{C33DB045-65F8-45F1-A703-C7D2969F06CA}.Debug|x86.ActiveCfg = Debug|Any CPU
		{C33DB045-65F8-45F1-A703-C7D2969F06CA}.Release|Any CPU.ActiveCfg = Release|Any CPU
		{C33DB045-65F8-45F1-A703-C7D2969F06CA}.Release|Any CPU.Build.0 = Release|Any CPU
		{C33DB045-65F8-45F1-A703-C7D2969F06CA}.Release|Mixed Platforms.ActiveCfg = Release|Any CPU
		{C33DB045-65F8-45F1-A703-C7D2969F06CA}.Release|Mixed Platforms.Build.0 = Release|Any CPU
		{C33DB045-65F8-45F1-A703-C7D2969F06CA}.Release|x86.ActiveCfg = Release|Any CPU
		{8BA90DA5-E8EB-4DEC-9D41-951D012B90CE}.Debug|Any CPU.ActiveCfg = Debug|Any CPU
		{8BA90DA5-E8EB-4DEC-9D41-951D012B90CE}.Debug|Any CPU.Build.0 = Debug|Any CPU
		{8BA90DA5-E8EB-4DEC-9D41-951D012B90CE}.Debug|Mixed Platforms.ActiveCfg = Debug|Any CPU
		{8BA90DA5-E8EB-4DEC-9D41-951D012B90CE}.Debug|Mixed Platforms.Build.0 = Debug|Any CPU
		{8BA90DA5-E8EB-4DEC-9D41-951D012B90CE}.Debug|x86.ActiveCfg = Debug|Any CPU
		{8BA90DA5-E8EB-4DEC-9D41-951D012B90CE}.Debug|x86.Build.0 = Debug|Any CPU
		{8BA90DA5-E8EB-4DEC-9D41-951D012B90CE}.Release|Any CPU.ActiveCfg = Release|Any CPU
		{8BA90DA5-E8EB-4DEC-9D41-951D012B90CE}.Release|Any CPU.Build.0 = Release|Any CPU
		{8BA90DA5-E8EB-4DEC-9D41-951D012B90CE}.Release|Mixed Platforms.ActiveCfg = Release|Any CPU
		{8BA90DA5-E8EB-4DEC-9D41-951D012B90CE}.Release|Mixed Platforms.Build.0 = Release|Any CPU
		{8BA90DA5-E8EB-4DEC-9D41-951D012B90CE}.Release|x86.ActiveCfg = Release|Any CPU
		{8BA90DA5-E8EB-4DEC-9D41-951D012B90CE}.Release|x86.Build.0 = Release|Any CPU
		{694D8B35-E80F-4DAF-B454-6BB992630ECA}.Debug|Any CPU.ActiveCfg = Debug|Any CPU
		{694D8B35-E80F-4DAF-B454-6BB992630ECA}.Debug|Any CPU.Build.0 = Debug|Any CPU
		{694D8B35-E80F-4DAF-B454-6BB992630ECA}.Debug|Mixed Platforms.ActiveCfg = Debug|Any CPU
		{694D8B35-E80F-4DAF-B454-6BB992630ECA}.Debug|Mixed Platforms.Build.0 = Debug|Any CPU
		{694D8B35-E80F-4DAF-B454-6BB992630ECA}.Debug|x86.ActiveCfg = Debug|Any CPU
		{694D8B35-E80F-4DAF-B454-6BB992630ECA}.Debug|x86.Build.0 = Debug|Any CPU
		{694D8B35-E80F-4DAF-B454-6BB992630ECA}.Release|Any CPU.ActiveCfg = Release|Any CPU
		{694D8B35-E80F-4DAF-B454-6BB992630ECA}.Release|Any CPU.Build.0 = Release|Any CPU
		{694D8B35-E80F-4DAF-B454-6BB992630ECA}.Release|Mixed Platforms.ActiveCfg = Release|Any CPU
		{694D8B35-E80F-4DAF-B454-6BB992630ECA}.Release|Mixed Platforms.Build.0 = Release|Any CPU
		{694D8B35-E80F-4DAF-B454-6BB992630ECA}.Release|x86.ActiveCfg = Release|Any CPU
		{694D8B35-E80F-4DAF-B454-6BB992630ECA}.Release|x86.Build.0 = Release|Any CPU
		{BA2AED71-4942-4F51-959E-963CEF7D0895}.Debug|Any CPU.ActiveCfg = Debug|Any CPU
		{BA2AED71-4942-4F51-959E-963CEF7D0895}.Debug|Any CPU.Build.0 = Debug|Any CPU
		{BA2AED71-4942-4F51-959E-963CEF7D0895}.Debug|Mixed Platforms.ActiveCfg = Debug|Any CPU
		{BA2AED71-4942-4F51-959E-963CEF7D0895}.Debug|Mixed Platforms.Build.0 = Debug|Any CPU
		{BA2AED71-4942-4F51-959E-963CEF7D0895}.Debug|x86.ActiveCfg = Debug|Any CPU
		{BA2AED71-4942-4F51-959E-963CEF7D0895}.Debug|x86.Build.0 = Debug|Any CPU
		{BA2AED71-4942-4F51-959E-963CEF7D0895}.Release|Any CPU.ActiveCfg = Release|Any CPU
		{BA2AED71-4942-4F51-959E-963CEF7D0895}.Release|Any CPU.Build.0 = Release|Any CPU
		{BA2AED71-4942-4F51-959E-963CEF7D0895}.Release|Mixed Platforms.ActiveCfg = Release|Any CPU
		{BA2AED71-4942-4F51-959E-963CEF7D0895}.Release|Mixed Platforms.Build.0 = Release|Any CPU
		{BA2AED71-4942-4F51-959E-963CEF7D0895}.Release|x86.ActiveCfg = Release|Any CPU
		{BA2AED71-4942-4F51-959E-963CEF7D0895}.Release|x86.Build.0 = Release|Any CPU
	EndGlobalSection
	GlobalSection(SolutionProperties) = preSolution
		HideSolutionNode = FALSE
	EndGlobalSection
	GlobalSection(NestedProjects) = preSolution
		{5CCAEF8A-CF71-40D9-9D1D-0984D0894BC7} = {484CF3FF-5CEA-4C82-A937-949100142455}
	EndGlobalSection
	GlobalSection(ExtensibilityGlobals) = postSolution
		SolutionGuid = {F446779E-DE53-4C98-B4B7-EA47BF1E14DB}
	EndGlobalSection
	GlobalSection(TestCaseManagementSettings) = postSolution
		CategoryFile = xmlnotepad.vsmdi
	EndGlobalSection
EndGlobal
